
Microsoft Visual Studio Solution File, Format Version 12.00
# Visual Studio Version 16
VisualStudioVersion = 16.0.30907.101
MinimumVisualStudioVersion = 10.0.40219.1
Project("{9A19103F-16F7-4668-BE54-9A1E7A4F7556}") = "GenericsIntro", "GenericsIntro.csproj", "{1B8C5DBF-6185-4178-8758-C1FC10C7032F}"
EndProject
Global
	GlobalSection(SolutionConfigurationPlatforms) = preSolution
		Debug|Any CPU = Debug|Any CPU
		Release|Any CPU = Release|Any CPU
	EndGlobalSection
	GlobalSection(ProjectConfigurationPlatforms) = postSolution
		{1B8C5DBF-6185-4178-8758-C1FC10C7032F}.Debug|Any CPU.ActiveCfg = Debug|Any CPU
		{1B8C5DBF-6185-4178-8758-C1FC10C7032F}.Debug|Any CPU.Build.0 = Debug|Any CPU
		{1B8C5DBF-6185-4178-8758-C1FC10C7032F}.Release|Any CPU.ActiveCfg = Release|Any CPU
		{1B8C5DBF-6185-4178-8758-C1FC10C7032F}.Release|Any CPU.Build.0 = Release|Any CPU
	EndGlobalSection
	GlobalSection(SolutionProperties) = preSolution
		HideSolutionNode = FALSE
	EndGlobalSection
	GlobalSection(ExtensibilityGlobals) = postSolution
		SolutionGuid = {C504EA3D-A363-468D-9607-B47A35F8180C}
	EndGlobalSection
EndGlobal
